
Microsoft Visual Studio Solution File, Format Version 12.00
# Visual Studio Version 17
VisualStudioVersion = 17.5.33530.505
MinimumVisualStudioVersion = 10.0.40219.1
Project("{FAE04EC0-301F-11D3-BF4B-00C04F79EFBC}") = "tubes", "tubes.csproj", "{018D35E0-AB9B-4E60-BA27-C5A97B4D8927}"
EndProject
Global
	GlobalSection(SolutionConfigurationPlatforms) = preSolution
		Debug|Any CPU = Debug|Any CPU
		Release|Any CPU = Release|Any CPU
	EndGlobalSection
	GlobalSection(ProjectConfigurationPlatforms) = postSolution
		{018D35E0-AB9B-4E60-BA27-C5A97B4D8927}.Debug|Any CPU.ActiveCfg = Debug|Any CPU
		{018D35E0-AB9B-4E60-BA27-C5A97B4D8927}.Debug|Any CPU.Build.0 = Debug|Any CPU
		{018D35E0-AB9B-4E60-BA27-C5A97B4D8927}.Release|Any CPU.ActiveCfg = Release|Any CPU
		{018D35E0-AB9B-4E60-BA27-C5A97B4D8927}.Release|Any CPU.Build.0 = Release|Any CPU
	EndGlobalSection
	GlobalSection(SolutionProperties) = preSolution
		HideSolutionNode = FALSE
	EndGlobalSection
	GlobalSection(ExtensibilityGlobals) = postSolution
		SolutionGuid = {5B512560-160E-422A-9686-3CCBD193CA83}
	EndGlobalSection
EndGlobal
