
Microsoft Visual Studio Solution File, Format Version 12.00
# Visual Studio Version 17
VisualStudioVersion = 17.5.33414.496
MinimumVisualStudioVersion = 10.0.40219.1
Project("{9A19103F-16F7-4668-BE54-9A1E7A4F7556}") = "TUBES_Kelompok1_Code", "TUBES_Kelompok1_Code.csproj", "{B92641C6-0D35-4D81-9EF0-C8E414C752DC}"
EndProject
Project("{FAE04EC0-301F-11D3-BF4B-00C04F79EFBC}") = "Test", "..\Test\Test.csproj", "{8BC6B5A6-F933-41D2-932B-24A821DEEA27}"
EndProject
Global
	GlobalSection(SolutionConfigurationPlatforms) = preSolution
		Debug|Any CPU = Debug|Any CPU
		Release|Any CPU = Release|Any CPU
	EndGlobalSection
	GlobalSection(ProjectConfigurationPlatforms) = postSolution
		{B92641C6-0D35-4D81-9EF0-C8E414C752DC}.Debug|Any CPU.ActiveCfg = Debug|Any CPU
		{B92641C6-0D35-4D81-9EF0-C8E414C752DC}.Debug|Any CPU.Build.0 = Debug|Any CPU
		{B92641C6-0D35-4D81-9EF0-C8E414C752DC}.Release|Any CPU.ActiveCfg = Release|Any CPU
		{B92641C6-0D35-4D81-9EF0-C8E414C752DC}.Release|Any CPU.Build.0 = Release|Any CPU
		{8BC6B5A6-F933-41D2-932B-24A821DEEA27}.Debug|Any CPU.ActiveCfg = Debug|Any CPU
		{8BC6B5A6-F933-41D2-932B-24A821DEEA27}.Debug|Any CPU.Build.0 = Debug|Any CPU
		{8BC6B5A6-F933-41D2-932B-24A821DEEA27}.Release|Any CPU.ActiveCfg = Release|Any CPU
		{8BC6B5A6-F933-41D2-932B-24A821DEEA27}.Release|Any CPU.Build.0 = Release|Any CPU
	EndGlobalSection
	GlobalSection(SolutionProperties) = preSolution
		HideSolutionNode = FALSE
	EndGlobalSection
	GlobalSection(ExtensibilityGlobals) = postSolution
		SolutionGuid = {D445082A-C547-4973-9DA2-3C216B697F21}
	EndGlobalSection
EndGlobal
